
Microsoft Visual Studio Solution File, Format Version 12.00
# Visual Studio 2012
Project("{FAE04EC0-301F-11D3-BF4B-00C04F79EFBC}") = "CPUSchedulingC501", "CPUSchedulingC501\CPUSchedulingC501.csproj", "{1BEA8460-9670-47B3-AC07-7778080B03DF}"
EndProject
Global
	GlobalSection(SolutionConfigurationPlatforms) = preSolution
		Debug|Any CPU = Debug|Any CPU
		Release|Any CPU = Release|Any CPU
	EndGlobalSection
	GlobalSection(ProjectConfigurationPlatforms) = postSolution
		{1BEA8460-9670-47B3-AC07-7778080B03DF}.Debug|Any CPU.ActiveCfg = Debug|Any CPU
		{1BEA8460-9670-47B3-AC07-7778080B03DF}.Debug|Any CPU.Build.0 = Debug|Any CPU
		{1BEA8460-9670-47B3-AC07-7778080B03DF}.Release|Any CPU.ActiveCfg = Release|Any CPU
		{1BEA8460-9670-47B3-AC07-7778080B03DF}.Release|Any CPU.Build.0 = Release|Any CPU
	EndGlobalSection
	GlobalSection(SolutionProperties) = preSolution
		HideSolutionNode = FALSE
	EndGlobalSection
EndGlobal
